{
  "version": 4,
  "terraform_version": "1.11.4",
  "serial": 82,
  "lineage": "9426f551-aa58-0a0a-87a8-a8df625b214f",
  "outputs": {
    "external_ip_address_nat": {
      "value": "51.250.9.38",
      "type": "string"
    },
    "external_ip_address_public": {
      "value": "62.84.117.234",
      "type": "string"
    },
    "internal_ip_address_private": {
      "value": "192.168.20.28",
      "type": "string"
    }
  },
  "resources": [
    {
      "mode": "managed",
      "type": "yandex_compute_instance",
      "name": "nat-instance",
      "provider": "provider[\"registry.terraform.io/yandex-cloud/yandex\"]",
      "instances": [
        {
          "schema_version": 1,
          "attributes": {
            "allow_recreate": null,
            "allow_stopping_for_update": null,
            "boot_disk": [
              {
                "auto_delete": true,
                "device_name": "fhmots7m952a26a31apr",
                "disk_id": "fhmots7m952a26a31apr",
                "initialize_params": [
                  {
                    "block_size": 4096,
                    "description": "",
                    "image_id": "fd80mrhj8fl2oe87o4e1",
                    "kms_key_id": "",
                    "name": "",
                    "size": 3,
                    "snapshot_id": "",
                    "type": "network-hdd"
                  }
                ],
                "mode": "READ_WRITE"
              }
            ],
            "created_at": "2025-04-23T00:31:43Z",
            "description": "",
            "filesystem": [],
            "folder_id": "b1g3hhpc4sj7fmtmdccu",
            "fqdn": "nat-instance.ru-central1.internal",
            "gpu_cluster_id": "",
            "hardware_generation": [
              {
                "generation2_features": [],
                "legacy_features": [
                  {
                    "pci_topology": "PCI_TOPOLOGY_V1"
                  }
                ]
              }
            ],
            "hostname": "nat-instance",
            "id": "fhmn95d52ogtnuo27ang",
            "labels": null,
            "local_disk": [],
            "maintenance_grace_period": "",
            "maintenance_policy": null,
            "metadata": {
              "ssh-keys": "ubuntu:ssh-rsa AAAAB3NzaC1yc2EAAAADAQABAAABgQCzfA4tWoKJyOO/+/3aXxsGUUdhvPCnjHBilctvmhX58shOA969QY65rn1cpVqg2f/jFYPcHG+xVD3+x/equO4uVueucvr6ete0A9VcRa6hsMKfCRT5XQkqClxdeCHVj/vpEeXhI8bp8S3JOASCSIWK9Jy9OQIjusl/8cDwYgoXz9JHxQ2wkpX6F+y0sbGManpQtByIyZ0wVgnw/Rc8+UN/CgpAP1+1KjNshmglMYFwOi0Qh+6sXRiBYucmgmGNwCLHxNXaffKSm8SvSNoYpzWGdGJ9WJ6STFaHVEuMj511T093vHBr3M9BMRC7h1D9s5sfewgpr7Uk0gX5rVELEwwfNxRtq43iuPqFIBO6JltGD6tRwWV2Ul6JFVXDJIc5VcBzfbNrwXl1yZTO2K8a84gBR77UVFmlCHYo/FZjl90zrGZa3rri7kTnFcZkSu6B1RII8jXKSo3LVfz4qcI3vAfCWB1Bpp6JS+9LEVo7ZVCKl3RvUw2HaTiNVq8dJCRH9rU= root@ubuntu22-server\n"
            },
            "metadata_options": [
              {
                "aws_v1_http_endpoint": 1,
                "aws_v1_http_token": 2,
                "gce_http_endpoint": 1,
                "gce_http_token": 1
              }
            ],
            "name": "nat-instance",
            "network_acceleration_type": "standard",
            "network_interface": [
              {
                "dns_record": [],
                "index": 0,
                "ip_address": "192.168.10.254",
                "ipv4": true,
                "ipv6": false,
                "ipv6_address": "",
                "ipv6_dns_record": [],
                "mac_address": "d0:0d:17:49:5a:51",
                "nat": true,
                "nat_dns_record": [],
                "nat_ip_address": "51.250.9.38",
                "nat_ip_version": "IPV4",
                "security_group_ids": [],
                "subnet_id": "e9bdl54n0k9b1baaotf4"
              }
            ],
            "placement_policy": [
              {
                "host_affinity_rules": [],
                "placement_group_id": "",
                "placement_group_partition": 0
              }
            ],
            "platform_id": "standard-v1",
            "resources": [
              {
                "core_fraction": 100,
                "cores": 2,
                "gpus": 0,
                "memory": 2
              }
            ],
            "scheduling_policy": [
              {
                "preemptible": false
              }
            ],
            "secondary_disk": [],
            "service_account_id": "",
            "status": "running",
            "timeouts": null,
            "zone": "ru-central1-a"
          },
          "sensitive_attributes": [],
          "private": "eyJlMmJmYjczMC1lY2FhLTExZTYtOGY4OC0zNDM2M2JjN2M0YzAiOnsiY3JlYXRlIjozMDAwMDAwMDAwMDAsImRlbGV0ZSI6MzAwMDAwMDAwMDAwLCJ1cGRhdGUiOjMwMDAwMDAwMDAwMH0sInNjaGVtYV92ZXJzaW9uIjoiMSJ9",
          "dependencies": [
            "yandex_vpc_network.network-netology",
            "yandex_vpc_subnet.public"
          ]
        }
      ]
    },
    {
      "mode": "managed",
      "type": "yandex_compute_instance",
      "name": "private-instance",
      "provider": "provider[\"registry.terraform.io/yandex-cloud/yandex\"]",
      "instances": [
        {
          "schema_version": 1,
          "attributes": {
            "allow_recreate": null,
            "allow_stopping_for_update": null,
            "boot_disk": [
              {
                "auto_delete": true,
                "device_name": "fhmetf5ttrg08n46e0ci",
                "disk_id": "fhmetf5ttrg08n46e0ci",
                "initialize_params": [
                  {
                    "block_size": 4096,
                    "description": "",
                    "image_id": "fd85b6k7esmsatsjb6fr",
                    "kms_key_id": "",
                    "name": "",
                    "size": 10,
                    "snapshot_id": "",
                    "type": "network-hdd"
                  }
                ],
                "mode": "READ_WRITE"
              }
            ],
            "created_at": "2025-04-23T00:31:44Z",
            "description": "",
            "filesystem": [],
            "folder_id": "b1g3hhpc4sj7fmtmdccu",
            "fqdn": "private-instance.ru-central1.internal",
            "gpu_cluster_id": "",
            "hardware_generation": [
              {
                "generation2_features": [],
                "legacy_features": [
                  {
                    "pci_topology": "PCI_TOPOLOGY_V1"
                  }
                ]
              }
            ],
            "hostname": "private-instance",
            "id": "fhmh1utev4m59ugfd01j",
            "labels": null,
            "local_disk": [],
            "maintenance_grace_period": "",
            "maintenance_policy": null,
            "metadata": {
              "ssh-keys": "ubuntu:ssh-rsa AAAAB3NzaC1yc2EAAAADAQABAAABgQCzfA4tWoKJyOO/+/3aXxsGUUdhvPCnjHBilctvmhX58shOA969QY65rn1cpVqg2f/jFYPcHG+xVD3+x/equO4uVueucvr6ete0A9VcRa6hsMKfCRT5XQkqClxdeCHVj/vpEeXhI8bp8S3JOASCSIWK9Jy9OQIjusl/8cDwYgoXz9JHxQ2wkpX6F+y0sbGManpQtByIyZ0wVgnw/Rc8+UN/CgpAP1+1KjNshmglMYFwOi0Qh+6sXRiBYucmgmGNwCLHxNXaffKSm8SvSNoYpzWGdGJ9WJ6STFaHVEuMj511T093vHBr3M9BMRC7h1D9s5sfewgpr7Uk0gX5rVELEwwfNxRtq43iuPqFIBO6JltGD6tRwWV2Ul6JFVXDJIc5VcBzfbNrwXl1yZTO2K8a84gBR77UVFmlCHYo/FZjl90zrGZa3rri7kTnFcZkSu6B1RII8jXKSo3LVfz4qcI3vAfCWB1Bpp6JS+9LEVo7ZVCKl3RvUw2HaTiNVq8dJCRH9rU= root@ubuntu22-server\n"
            },
            "metadata_options": [
              {
                "aws_v1_http_endpoint": 1,
                "aws_v1_http_token": 2,
                "gce_http_endpoint": 1,
                "gce_http_token": 1
              }
            ],
            "name": "private-instance",
            "network_acceleration_type": "standard",
            "network_interface": [
              {
                "dns_record": [],
                "index": 0,
                "ip_address": "192.168.20.28",
                "ipv4": true,
                "ipv6": false,
                "ipv6_address": "",
                "ipv6_dns_record": [],
                "mac_address": "d0:0d:11:0f:ba:ef",
                "nat": false,
                "nat_dns_record": [],
                "nat_ip_address": "",
                "nat_ip_version": "",
                "security_group_ids": [],
                "subnet_id": "e9bsrqigolu4evg4mt8p"
              }
            ],
            "placement_policy": [
              {
                "host_affinity_rules": [],
                "placement_group_id": "",
                "placement_group_partition": 0
              }
            ],
            "platform_id": "standard-v1",
            "resources": [
              {
                "core_fraction": 100,
                "cores": 2,
                "gpus": 0,
                "memory": 2
              }
            ],
            "scheduling_policy": [
              {
                "preemptible": false
              }
            ],
            "secondary_disk": [],
            "service_account_id": "",
            "status": "running",
            "timeouts": null,
            "zone": "ru-central1-a"
          },
          "sensitive_attributes": [],
          "private": "eyJlMmJmYjczMC1lY2FhLTExZTYtOGY4OC0zNDM2M2JjN2M0YzAiOnsiY3JlYXRlIjozMDAwMDAwMDAwMDAsImRlbGV0ZSI6MzAwMDAwMDAwMDAwLCJ1cGRhdGUiOjMwMDAwMDAwMDAwMH0sInNjaGVtYV92ZXJzaW9uIjoiMSJ9",
          "dependencies": [
            "yandex_vpc_network.network-netology",
            "yandex_vpc_route_table.netology-routing",
            "yandex_vpc_subnet.private"
          ]
        }
      ]
    },
    {
      "mode": "managed",
      "type": "yandex_compute_instance",
      "name": "public-instance",
      "provider": "provider[\"registry.terraform.io/yandex-cloud/yandex\"]",
      "instances": [
        {
          "schema_version": 1,
          "attributes": {
            "allow_recreate": null,
            "allow_stopping_for_update": null,
            "boot_disk": [
              {
                "auto_delete": true,
                "device_name": "fhmgqpo5c8aah6nj36ti",
                "disk_id": "fhmgqpo5c8aah6nj36ti",
                "initialize_params": [
                  {
                    "block_size": 4096,
                    "description": "",
                    "image_id": "fd85b6k7esmsatsjb6fr",
                    "kms_key_id": "",
                    "name": "",
                    "size": 10,
                    "snapshot_id": "",
                    "type": "network-hdd"
                  }
                ],
                "mode": "READ_WRITE"
              }
            ],
            "created_at": "2025-04-23T00:31:43Z",
            "description": "",
            "filesystem": [],
            "folder_id": "b1g3hhpc4sj7fmtmdccu",
            "fqdn": "public-instance.ru-central1.internal",
            "gpu_cluster_id": "",
            "hardware_generation": [
              {
                "generation2_features": [],
                "legacy_features": [
                  {
                    "pci_topology": "PCI_TOPOLOGY_V1"
                  }
                ]
              }
            ],
            "hostname": "public-instance",
            "id": "fhmnhc7ru6oadi1uhaaj",
            "labels": null,
            "local_disk": [],
            "maintenance_grace_period": "",
            "maintenance_policy": null,
            "metadata": {
              "ssh-keys": "ubuntu:ssh-rsa AAAAB3NzaC1yc2EAAAADAQABAAABgQCzfA4tWoKJyOO/+/3aXxsGUUdhvPCnjHBilctvmhX58shOA969QY65rn1cpVqg2f/jFYPcHG+xVD3+x/equO4uVueucvr6ete0A9VcRa6hsMKfCRT5XQkqClxdeCHVj/vpEeXhI8bp8S3JOASCSIWK9Jy9OQIjusl/8cDwYgoXz9JHxQ2wkpX6F+y0sbGManpQtByIyZ0wVgnw/Rc8+UN/CgpAP1+1KjNshmglMYFwOi0Qh+6sXRiBYucmgmGNwCLHxNXaffKSm8SvSNoYpzWGdGJ9WJ6STFaHVEuMj511T093vHBr3M9BMRC7h1D9s5sfewgpr7Uk0gX5rVELEwwfNxRtq43iuPqFIBO6JltGD6tRwWV2Ul6JFVXDJIc5VcBzfbNrwXl1yZTO2K8a84gBR77UVFmlCHYo/FZjl90zrGZa3rri7kTnFcZkSu6B1RII8jXKSo3LVfz4qcI3vAfCWB1Bpp6JS+9LEVo7ZVCKl3RvUw2HaTiNVq8dJCRH9rU= root@ubuntu22-server\n"
            },
            "metadata_options": [
              {
                "aws_v1_http_endpoint": 1,
                "aws_v1_http_token": 2,
                "gce_http_endpoint": 1,
                "gce_http_token": 1
              }
            ],
            "name": "public-instance",
            "network_acceleration_type": "standard",
            "network_interface": [
              {
                "dns_record": [],
                "index": 0,
                "ip_address": "192.168.10.17",
                "ipv4": true,
                "ipv6": false,
                "ipv6_address": "",
                "ipv6_dns_record": [],
                "mac_address": "d0:0d:17:8b:0f:bf",
                "nat": true,
                "nat_dns_record": [],
                "nat_ip_address": "62.84.117.234",
                "nat_ip_version": "IPV4",
                "security_group_ids": [],
                "subnet_id": "e9bdl54n0k9b1baaotf4"
              }
            ],
            "placement_policy": [
              {
                "host_affinity_rules": [],
                "placement_group_id": "",
                "placement_group_partition": 0
              }
            ],
            "platform_id": "standard-v1",
            "resources": [
              {
                "core_fraction": 100,
                "cores": 2,
                "gpus": 0,
                "memory": 2
              }
            ],
            "scheduling_policy": [
              {
                "preemptible": false
              }
            ],
            "secondary_disk": [],
            "service_account_id": "",
            "status": "running",
            "timeouts": null,
            "zone": "ru-central1-a"
          },
          "sensitive_attributes": [],
          "private": "eyJlMmJmYjczMC1lY2FhLTExZTYtOGY4OC0zNDM2M2JjN2M0YzAiOnsiY3JlYXRlIjozMDAwMDAwMDAwMDAsImRlbGV0ZSI6MzAwMDAwMDAwMDAwLCJ1cGRhdGUiOjMwMDAwMDAwMDAwMH0sInNjaGVtYV92ZXJzaW9uIjoiMSJ9",
          "dependencies": [
            "yandex_vpc_network.network-netology",
            "yandex_vpc_subnet.public"
          ]
        }
      ]
    },
    {
      "mode": "managed",
      "type": "yandex_vpc_network",
      "name": "network-netology",
      "provider": "provider[\"registry.terraform.io/yandex-cloud/yandex\"]",
      "instances": [
        {
          "schema_version": 0,
          "attributes": {
            "created_at": "2025-04-23T00:31:40Z",
            "default_security_group_id": "enprts5agt679avp1ass",
            "description": "",
            "folder_id": "b1g3hhpc4sj7fmtmdccu",
            "id": "enpidkavrampd0dbihcg",
            "labels": {},
            "name": "network-netology",
            "subnet_ids": [],
            "timeouts": null
          },
          "sensitive_attributes": [],
          "private": "eyJlMmJmYjczMC1lY2FhLTExZTYtOGY4OC0zNDM2M2JjN2M0YzAiOnsiY3JlYXRlIjo2MDAwMDAwMDAwMCwiZGVsZXRlIjo2MDAwMDAwMDAwMCwidXBkYXRlIjo2MDAwMDAwMDAwMH19"
        }
      ]
    },
    {
      "mode": "managed",
      "type": "yandex_vpc_route_table",
      "name": "netology-routing",
      "provider": "provider[\"registry.terraform.io/yandex-cloud/yandex\"]",
      "instances": [
        {
          "schema_version": 0,
          "attributes": {
            "created_at": "2025-04-23T00:31:42Z",
            "description": "",
            "folder_id": "b1g3hhpc4sj7fmtmdccu",
            "id": "enpptj5esp90hqofldud",
            "labels": {},
            "name": "netology-routing",
            "network_id": "enpidkavrampd0dbihcg",
            "static_route": [
              {
                "destination_prefix": "0.0.0.0/0",
                "gateway_id": "",
                "next_hop_address": "192.168.10.254"
              }
            ],
            "timeouts": null
          },
          "sensitive_attributes": [],
          "private": "eyJlMmJmYjczMC1lY2FhLTExZTYtOGY4OC0zNDM2M2JjN2M0YzAiOnsiY3JlYXRlIjoxODAwMDAwMDAwMDAsImRlbGV0ZSI6MTgwMDAwMDAwMDAwLCJ1cGRhdGUiOjE4MDAwMDAwMDAwMH19",
          "dependencies": [
            "yandex_vpc_network.network-netology"
          ]
        }
      ]
    },
    {
      "mode": "managed",
      "type": "yandex_vpc_subnet",
      "name": "private",
      "provider": "provider[\"registry.terraform.io/yandex-cloud/yandex\"]",
      "instances": [
        {
          "schema_version": 0,
          "attributes": {
            "created_at": "2025-04-23T00:31:43Z",
            "description": "",
            "dhcp_options": [],
            "folder_id": "b1g3hhpc4sj7fmtmdccu",
            "id": "e9bsrqigolu4evg4mt8p",
            "labels": {},
            "name": "private",
            "network_id": "enpidkavrampd0dbihcg",
            "route_table_id": "enpptj5esp90hqofldud",
            "timeouts": null,
            "v4_cidr_blocks": [
              "192.168.20.0/24"
            ],
            "v6_cidr_blocks": [],
            "zone": "ru-central1-a"
          },
          "sensitive_attributes": [],
          "private": "eyJlMmJmYjczMC1lY2FhLTExZTYtOGY4OC0zNDM2M2JjN2M0YzAiOnsiY3JlYXRlIjoxODAwMDAwMDAwMDAsImRlbGV0ZSI6MTgwMDAwMDAwMDAwLCJ1cGRhdGUiOjE4MDAwMDAwMDAwMH19",
          "dependencies": [
            "yandex_vpc_network.network-netology",
            "yandex_vpc_route_table.netology-routing"
          ]
        }
      ]
    },
    {
      "mode": "managed",
      "type": "yandex_vpc_subnet",
      "name": "public",
      "provider": "provider[\"registry.terraform.io/yandex-cloud/yandex\"]",
      "instances": [
        {
          "schema_version": 0,
          "attributes": {
            "created_at": "2025-04-23T00:31:42Z",
            "description": "",
            "dhcp_options": [],
            "folder_id": "b1g3hhpc4sj7fmtmdccu",
            "id": "e9bdl54n0k9b1baaotf4",
            "labels": {},
            "name": "public",
            "network_id": "enpidkavrampd0dbihcg",
            "route_table_id": "",
            "timeouts": null,
            "v4_cidr_blocks": [
              "192.168.10.0/24"
            ],
            "v6_cidr_blocks": [],
            "zone": "ru-central1-a"
          },
          "sensitive_attributes": [],
          "private": "eyJlMmJmYjczMC1lY2FhLTExZTYtOGY4OC0zNDM2M2JjN2M0YzAiOnsiY3JlYXRlIjoxODAwMDAwMDAwMDAsImRlbGV0ZSI6MTgwMDAwMDAwMDAwLCJ1cGRhdGUiOjE4MDAwMDAwMDAwMH19",
          "dependencies": [
            "yandex_vpc_network.network-netology"
          ]
        }
      ]
    }
  ],
  "check_results": null
}
