{
  "version": 4,
  "terraform_version": "1.11.4",
  "serial": 130,
  "lineage": "9426f551-aa58-0a0a-87a8-a8df625b214f",
  "outputs": {
    "bucket_domain_name": {
      "value": "http://tenda2025.storage.yandexcloud.net/picture.jpg",
      "type": "string"
    },
    "external_ip_address_nat": {
      "value": "89.169.137.152",
      "type": "string"
    },
    "external_ip_address_public": {
      "value": "51.250.77.247",
      "type": "string"
    },
    "internal_ip_address_private": {
      "value": "192.168.20.20",
      "type": "string"
    }
  },
  "resources": [
    {
      "mode": "managed",
      "type": "yandex_compute_instance",
      "name": "nat-instance",
      "provider": "provider[\"registry.terraform.io/yandex-cloud/yandex\"]",
      "instances": [
        {
          "schema_version": 1,
          "attributes": {
            "allow_recreate": null,
            "allow_stopping_for_update": null,
            "boot_disk": [
              {
                "auto_delete": true,
                "device_name": "fhmqnengq2vnje7kaj6i",
                "disk_id": "fhmqnengq2vnje7kaj6i",
                "initialize_params": [
                  {
                    "block_size": 4096,
                    "description": "",
                    "image_id": "fd80mrhj8fl2oe87o4e1",
                    "kms_key_id": "",
                    "name": "",
                    "size": 3,
                    "snapshot_id": "",
                    "type": "network-hdd"
                  }
                ],
                "mode": "READ_WRITE"
              }
            ],
            "created_at": "2025-04-23T19:34:50Z",
            "description": "",
            "filesystem": [],
            "folder_id": "b1g3hhpc4sj7fmtmdccu",
            "fqdn": "nat-instance.ru-central1.internal",
            "gpu_cluster_id": "",
            "hardware_generation": [
              {
                "generation2_features": [],
                "legacy_features": [
                  {
                    "pci_topology": "PCI_TOPOLOGY_V1"
                  }
                ]
              }
            ],
            "hostname": "nat-instance",
            "id": "fhm808losl5f7meehs14",
            "labels": {},
            "local_disk": [],
            "maintenance_grace_period": "",
            "maintenance_policy": null,
            "metadata": {
              "ssh-keys": "ubuntu:ssh-rsa AAAAB3NzaC1yc2EAAAADAQABAAABgQCzfA4tWoKJyOO/+/3aXxsGUUdhvPCnjHBilctvmhX58shOA969QY65rn1cpVqg2f/jFYPcHG+xVD3+x/equO4uVueucvr6ete0A9VcRa6hsMKfCRT5XQkqClxdeCHVj/vpEeXhI8bp8S3JOASCSIWK9Jy9OQIjusl/8cDwYgoXz9JHxQ2wkpX6F+y0sbGManpQtByIyZ0wVgnw/Rc8+UN/CgpAP1+1KjNshmglMYFwOi0Qh+6sXRiBYucmgmGNwCLHxNXaffKSm8SvSNoYpzWGdGJ9WJ6STFaHVEuMj511T093vHBr3M9BMRC7h1D9s5sfewgpr7Uk0gX5rVELEwwfNxRtq43iuPqFIBO6JltGD6tRwWV2Ul6JFVXDJIc5VcBzfbNrwXl1yZTO2K8a84gBR77UVFmlCHYo/FZjl90zrGZa3rri7kTnFcZkSu6B1RII8jXKSo3LVfz4qcI3vAfCWB1Bpp6JS+9LEVo7ZVCKl3RvUw2HaTiNVq8dJCRH9rU= root@ubuntu22-server\n"
            },
            "metadata_options": [
              {
                "aws_v1_http_endpoint": 1,
                "aws_v1_http_token": 2,
                "gce_http_endpoint": 1,
                "gce_http_token": 1
              }
            ],
            "name": "nat-instance",
            "network_acceleration_type": "standard",
            "network_interface": [
              {
                "dns_record": [],
                "index": 0,
                "ip_address": "192.168.10.254",
                "ipv4": true,
                "ipv6": false,
                "ipv6_address": "",
                "ipv6_dns_record": [],
                "mac_address": "d0:0d:80:22:b8:e5",
                "nat": true,
                "nat_dns_record": [],
                "nat_ip_address": "89.169.137.152",
                "nat_ip_version": "IPV4",
                "security_group_ids": [],
                "subnet_id": "e9b0c4radt2pel734fc0"
              }
            ],
            "placement_policy": [
              {
                "host_affinity_rules": [],
                "placement_group_id": "",
                "placement_group_partition": 0
              }
            ],
            "platform_id": "standard-v1",
            "resources": [
              {
                "core_fraction": 100,
                "cores": 2,
                "gpus": 0,
                "memory": 2
              }
            ],
            "scheduling_policy": [
              {
                "preemptible": false
              }
            ],
            "secondary_disk": [],
            "service_account_id": "",
            "status": "running",
            "timeouts": null,
            "zone": "ru-central1-a"
          },
          "sensitive_attributes": [],
          "private": "eyJlMmJmYjczMC1lY2FhLTExZTYtOGY4OC0zNDM2M2JjN2M0YzAiOnsiY3JlYXRlIjozMDAwMDAwMDAwMDAsImRlbGV0ZSI6MzAwMDAwMDAwMDAwLCJ1cGRhdGUiOjMwMDAwMDAwMDAwMH0sInNjaGVtYV92ZXJzaW9uIjoiMSJ9",
          "dependencies": [
            "yandex_vpc_network.network-netology",
            "yandex_vpc_subnet.public"
          ]
        }
      ]
    },
    {
      "mode": "managed",
      "type": "yandex_compute_instance",
      "name": "private-instance",
      "provider": "provider[\"registry.terraform.io/yandex-cloud/yandex\"]",
      "instances": [
        {
          "schema_version": 1,
          "attributes": {
            "allow_recreate": null,
            "allow_stopping_for_update": null,
            "boot_disk": [
              {
                "auto_delete": true,
                "device_name": "fhmh5rbi6rj2t2gse6ru",
                "disk_id": "fhmh5rbi6rj2t2gse6ru",
                "initialize_params": [
                  {
                    "block_size": 4096,
                    "description": "",
                    "image_id": "fd85b6k7esmsatsjb6fr",
                    "kms_key_id": "",
                    "name": "",
                    "size": 10,
                    "snapshot_id": "",
                    "type": "network-hdd"
                  }
                ],
                "mode": "READ_WRITE"
              }
            ],
            "created_at": "2025-04-23T19:34:51Z",
            "description": "",
            "filesystem": [],
            "folder_id": "b1g3hhpc4sj7fmtmdccu",
            "fqdn": "private-instance.ru-central1.internal",
            "gpu_cluster_id": "",
            "hardware_generation": [
              {
                "generation2_features": [],
                "legacy_features": [
                  {
                    "pci_topology": "PCI_TOPOLOGY_V1"
                  }
                ]
              }
            ],
            "hostname": "private-instance",
            "id": "fhmnoi2hbvg1it22fn3r",
            "labels": {},
            "local_disk": [],
            "maintenance_grace_period": "",
            "maintenance_policy": null,
            "metadata": {
              "ssh-keys": "ubuntu:ssh-rsa AAAAB3NzaC1yc2EAAAADAQABAAABgQCzfA4tWoKJyOO/+/3aXxsGUUdhvPCnjHBilctvmhX58shOA969QY65rn1cpVqg2f/jFYPcHG+xVD3+x/equO4uVueucvr6ete0A9VcRa6hsMKfCRT5XQkqClxdeCHVj/vpEeXhI8bp8S3JOASCSIWK9Jy9OQIjusl/8cDwYgoXz9JHxQ2wkpX6F+y0sbGManpQtByIyZ0wVgnw/Rc8+UN/CgpAP1+1KjNshmglMYFwOi0Qh+6sXRiBYucmgmGNwCLHxNXaffKSm8SvSNoYpzWGdGJ9WJ6STFaHVEuMj511T093vHBr3M9BMRC7h1D9s5sfewgpr7Uk0gX5rVELEwwfNxRtq43iuPqFIBO6JltGD6tRwWV2Ul6JFVXDJIc5VcBzfbNrwXl1yZTO2K8a84gBR77UVFmlCHYo/FZjl90zrGZa3rri7kTnFcZkSu6B1RII8jXKSo3LVfz4qcI3vAfCWB1Bpp6JS+9LEVo7ZVCKl3RvUw2HaTiNVq8dJCRH9rU= root@ubuntu22-server\n"
            },
            "metadata_options": [
              {
                "aws_v1_http_endpoint": 1,
                "aws_v1_http_token": 2,
                "gce_http_endpoint": 1,
                "gce_http_token": 1
              }
            ],
            "name": "private-instance",
            "network_acceleration_type": "standard",
            "network_interface": [
              {
                "dns_record": [],
                "index": 0,
                "ip_address": "192.168.20.20",
                "ipv4": true,
                "ipv6": false,
                "ipv6_address": "",
                "ipv6_dns_record": [],
                "mac_address": "d0:0d:17:c4:85:15",
                "nat": false,
                "nat_dns_record": [],
                "nat_ip_address": "",
                "nat_ip_version": "",
                "security_group_ids": [],
                "subnet_id": "e9be7j2pd9iekslhkits"
              }
            ],
            "placement_policy": [
              {
                "host_affinity_rules": [],
                "placement_group_id": "",
                "placement_group_partition": 0
              }
            ],
            "platform_id": "standard-v1",
            "resources": [
              {
                "core_fraction": 100,
                "cores": 2,
                "gpus": 0,
                "memory": 2
              }
            ],
            "scheduling_policy": [
              {
                "preemptible": false
              }
            ],
            "secondary_disk": [],
            "service_account_id": "",
            "status": "running",
            "timeouts": null,
            "zone": "ru-central1-a"
          },
          "sensitive_attributes": [],
          "private": "eyJlMmJmYjczMC1lY2FhLTExZTYtOGY4OC0zNDM2M2JjN2M0YzAiOnsiY3JlYXRlIjozMDAwMDAwMDAwMDAsImRlbGV0ZSI6MzAwMDAwMDAwMDAwLCJ1cGRhdGUiOjMwMDAwMDAwMDAwMH0sInNjaGVtYV92ZXJzaW9uIjoiMSJ9",
          "dependencies": [
            "yandex_vpc_network.network-netology",
            "yandex_vpc_route_table.netology-routing",
            "yandex_vpc_subnet.private"
          ]
        }
      ]
    },
    {
      "mode": "managed",
      "type": "yandex_compute_instance",
      "name": "public-instance",
      "provider": "provider[\"registry.terraform.io/yandex-cloud/yandex\"]",
      "instances": [
        {
          "schema_version": 1,
          "attributes": {
            "allow_recreate": null,
            "allow_stopping_for_update": null,
            "boot_disk": [
              {
                "auto_delete": true,
                "device_name": "fhmn7jev124o3vnv3h29",
                "disk_id": "fhmn7jev124o3vnv3h29",
                "initialize_params": [
                  {
                    "block_size": 4096,
                    "description": "",
                    "image_id": "fd85b6k7esmsatsjb6fr",
                    "kms_key_id": "",
                    "name": "",
                    "size": 10,
                    "snapshot_id": "",
                    "type": "network-hdd"
                  }
                ],
                "mode": "READ_WRITE"
              }
            ],
            "created_at": "2025-04-23T19:34:50Z",
            "description": "",
            "filesystem": [],
            "folder_id": "b1g3hhpc4sj7fmtmdccu",
            "fqdn": "public-instance.ru-central1.internal",
            "gpu_cluster_id": "",
            "hardware_generation": [
              {
                "generation2_features": [],
                "legacy_features": [
                  {
                    "pci_topology": "PCI_TOPOLOGY_V1"
                  }
                ]
              }
            ],
            "hostname": "public-instance",
            "id": "fhm1l544f13db9b57lbk",
            "labels": {},
            "local_disk": [],
            "maintenance_grace_period": "",
            "maintenance_policy": null,
            "metadata": {
              "ssh-keys": "ubuntu:ssh-rsa AAAAB3NzaC1yc2EAAAADAQABAAABgQCzfA4tWoKJyOO/+/3aXxsGUUdhvPCnjHBilctvmhX58shOA969QY65rn1cpVqg2f/jFYPcHG+xVD3+x/equO4uVueucvr6ete0A9VcRa6hsMKfCRT5XQkqClxdeCHVj/vpEeXhI8bp8S3JOASCSIWK9Jy9OQIjusl/8cDwYgoXz9JHxQ2wkpX6F+y0sbGManpQtByIyZ0wVgnw/Rc8+UN/CgpAP1+1KjNshmglMYFwOi0Qh+6sXRiBYucmgmGNwCLHxNXaffKSm8SvSNoYpzWGdGJ9WJ6STFaHVEuMj511T093vHBr3M9BMRC7h1D9s5sfewgpr7Uk0gX5rVELEwwfNxRtq43iuPqFIBO6JltGD6tRwWV2Ul6JFVXDJIc5VcBzfbNrwXl1yZTO2K8a84gBR77UVFmlCHYo/FZjl90zrGZa3rri7kTnFcZkSu6B1RII8jXKSo3LVfz4qcI3vAfCWB1Bpp6JS+9LEVo7ZVCKl3RvUw2HaTiNVq8dJCRH9rU= root@ubuntu22-server\n"
            },
            "metadata_options": [
              {
                "aws_v1_http_endpoint": 1,
                "aws_v1_http_token": 2,
                "gce_http_endpoint": 1,
                "gce_http_token": 1
              }
            ],
            "name": "public-instance",
            "network_acceleration_type": "standard",
            "network_interface": [
              {
                "dns_record": [],
                "index": 0,
                "ip_address": "192.168.10.33",
                "ipv4": true,
                "ipv6": false,
                "ipv6_address": "",
                "ipv6_dns_record": [],
                "mac_address": "d0:0d:1a:94:84:78",
                "nat": true,
                "nat_dns_record": [],
                "nat_ip_address": "51.250.77.247",
                "nat_ip_version": "IPV4",
                "security_group_ids": [],
                "subnet_id": "e9b0c4radt2pel734fc0"
              }
            ],
            "placement_policy": [
              {
                "host_affinity_rules": [],
                "placement_group_id": "",
                "placement_group_partition": 0
              }
            ],
            "platform_id": "standard-v1",
            "resources": [
              {
                "core_fraction": 100,
                "cores": 2,
                "gpus": 0,
                "memory": 2
              }
            ],
            "scheduling_policy": [
              {
                "preemptible": false
              }
            ],
            "secondary_disk": [],
            "service_account_id": "",
            "status": "running",
            "timeouts": null,
            "zone": "ru-central1-a"
          },
          "sensitive_attributes": [],
          "private": "eyJlMmJmYjczMC1lY2FhLTExZTYtOGY4OC0zNDM2M2JjN2M0YzAiOnsiY3JlYXRlIjozMDAwMDAwMDAwMDAsImRlbGV0ZSI6MzAwMDAwMDAwMDAwLCJ1cGRhdGUiOjMwMDAwMDAwMDAwMH0sInNjaGVtYV92ZXJzaW9uIjoiMSJ9",
          "dependencies": [
            "yandex_vpc_network.network-netology",
            "yandex_vpc_subnet.public"
          ]
        }
      ]
    },
    {
      "mode": "managed",
      "type": "yandex_iam_service_account",
      "name": "sa-tenda",
      "provider": "provider[\"registry.terraform.io/yandex-cloud/yandex\"]",
      "instances": [
        {
          "schema_version": 0,
          "attributes": {
            "created_at": "2025-04-23T19:34:48Z",
            "description": "",
            "folder_id": "b1g3hhpc4sj7fmtmdccu",
            "id": "ajee7mh9feg2gfev1pqf",
            "name": "tenda-storage",
            "timeouts": null
          },
          "sensitive_attributes": [],
          "private": "eyJlMmJmYjczMC1lY2FhLTExZTYtOGY4OC0zNDM2M2JjN2M0YzAiOnsiY3JlYXRlIjo2MDAwMDAwMDAwMCwiZGVsZXRlIjo2MDAwMDAwMDAwMCwidXBkYXRlIjo2MDAwMDAwMDAwMH19"
        }
      ]
    },
    {
      "mode": "managed",
      "type": "yandex_iam_service_account_static_access_key",
      "name": "sa-static-key",
      "provider": "provider[\"registry.terraform.io/yandex-cloud/yandex\"]",
      "instances": [
        {
          "schema_version": 0,
          "attributes": {
            "access_key": "YCAJEK873vB4ZdzEREvOGTa7s",
            "created_at": "2025-04-23T19:34:49Z",
            "description": "",
            "encrypted_secret_key": null,
            "id": "ajend3ig6empfr92gjgn",
            "key_fingerprint": null,
            "output_to_lockbox": [],
            "output_to_lockbox_version_id": null,
            "pgp_key": null,
            "secret_key": "YCNbXrUXwai20metq28QznhgZRAE5qbp7-f61qeM",
            "service_account_id": "ajee7mh9feg2gfev1pqf"
          },
          "sensitive_attributes": [
            [
              {
                "type": "get_attr",
                "value": "secret_key"
              }
            ]
          ],
          "private": "bnVsbA==",
          "dependencies": [
            "yandex_iam_service_account.sa-tenda"
          ]
        }
      ]
    },
    {
      "mode": "managed",
      "type": "yandex_resourcemanager_folder_iam_member",
      "name": "bucket-editor",
      "provider": "provider[\"registry.terraform.io/yandex-cloud/yandex\"]",
      "instances": [
        {
          "schema_version": 0,
          "attributes": {
            "folder_id": "b1g3hhpc4sj7fmtmdccu",
            "id": "b1g3hhpc4sj7fmtmdccu/storage.editor/serviceAccount:ajee7mh9feg2gfev1pqf",
            "member": "serviceAccount:ajee7mh9feg2gfev1pqf",
            "role": "storage.editor",
            "sleep_after": null,
            "timeouts": null
          },
          "sensitive_attributes": [
            [
              {
                "type": "get_attr",
                "value": "folder_id"
              }
            ]
          ],
          "private": "eyJlMmJmYjczMC1lY2FhLTExZTYtOGY4OC0zNDM2M2JjN2M0YzAiOnsiY3JlYXRlIjo2MDAwMDAwMDAwMCwiZGVmYXVsdCI6NjAwMDAwMDAwMDAsImRlbGV0ZSI6NjAwMDAwMDAwMDAsInJlYWQiOjYwMDAwMDAwMDAwLCJ1cGRhdGUiOjYwMDAwMDAwMDAwfX0=",
          "dependencies": [
            "yandex_iam_service_account.sa-tenda"
          ]
        }
      ]
    },
    {
      "mode": "managed",
      "type": "yandex_storage_bucket",
      "name": "tenda-bucket",
      "provider": "provider[\"registry.terraform.io/yandex-cloud/yandex\"]",
      "instances": [
        {
          "schema_version": 1,
          "attributes": {
            "access_key": "YCAJEK873vB4ZdzEREvOGTa7s",
            "acl": "public-read",
            "anonymous_access_flags": [
              {
                "config_read": true,
                "list": true,
                "read": true
              }
            ],
            "bucket": "tenda2025",
            "bucket_domain_name": "tenda2025.storage.yandexcloud.net",
            "bucket_prefix": null,
            "cors_rule": [],
            "default_storage_class": "STANDARD",
            "folder_id": "b1g3hhpc4sj7fmtmdccu",
            "force_destroy": false,
            "grant": [],
            "https": [],
            "id": "tenda2025",
            "lifecycle_rule": [],
            "logging": [],
            "max_size": 0,
            "object_lock_configuration": [],
            "policy": "",
            "secret_key": "YCNbXrUXwai20metq28QznhgZRAE5qbp7-f61qeM",
            "server_side_encryption_configuration": [],
            "tags": {},
            "versioning": [
              {
                "enabled": false
              }
            ],
            "website": [],
            "website_domain": null,
            "website_endpoint": null
          },
          "sensitive_attributes": [
            [
              {
                "type": "get_attr",
                "value": "secret_key"
              }
            ]
          ],
          "private": "eyJzY2hlbWFfdmVyc2lvbiI6IjEifQ==",
          "dependencies": [
            "yandex_iam_service_account.sa-tenda",
            "yandex_iam_service_account_static_access_key.sa-static-key"
          ]
        }
      ]
    },
    {
      "mode": "managed",
      "type": "yandex_storage_object",
      "name": "bucket-image",
      "provider": "provider[\"registry.terraform.io/yandex-cloud/yandex\"]",
      "instances": [
        {
          "schema_version": 0,
          "attributes": {
            "access_key": "YCAJEK873vB4ZdzEREvOGTa7s",
            "acl": "public-read",
            "bucket": "tenda2025",
            "content": null,
            "content_base64": null,
            "content_type": "application/octet-stream",
            "id": "picture.jpg",
            "key": "picture.jpg",
            "object_lock_legal_hold_status": null,
            "object_lock_mode": null,
            "object_lock_retain_until_date": null,
            "secret_key": "YCNbXrUXwai20metq28QznhgZRAE5qbp7-f61qeM",
            "source": "picture.jpg",
            "source_hash": null,
            "tags": {}
          },
          "sensitive_attributes": [
            [
              {
                "type": "get_attr",
                "value": "secret_key"
              }
            ]
          ],
          "private": "bnVsbA==",
          "dependencies": [
            "yandex_iam_service_account.sa-tenda",
            "yandex_iam_service_account_static_access_key.sa-static-key",
            "yandex_storage_bucket.tenda-bucket"
          ]
        }
      ]
    },
    {
      "mode": "managed",
      "type": "yandex_vpc_network",
      "name": "network-netology",
      "provider": "provider[\"registry.terraform.io/yandex-cloud/yandex\"]",
      "instances": [
        {
          "schema_version": 0,
          "attributes": {
            "created_at": "2025-04-23T19:34:48Z",
            "default_security_group_id": "enpbeq26ffn9843ed3u2",
            "description": "",
            "folder_id": "b1g3hhpc4sj7fmtmdccu",
            "id": "enpao7tc6c7go4iorr7f",
            "labels": {},
            "name": "network-netology",
            "subnet_ids": [
              "e9b0c4radt2pel734fc0",
              "e9be7j2pd9iekslhkits"
            ],
            "timeouts": null
          },
          "sensitive_attributes": [],
          "private": "eyJlMmJmYjczMC1lY2FhLTExZTYtOGY4OC0zNDM2M2JjN2M0YzAiOnsiY3JlYXRlIjo2MDAwMDAwMDAwMCwiZGVsZXRlIjo2MDAwMDAwMDAwMCwidXBkYXRlIjo2MDAwMDAwMDAwMH19"
        }
      ]
    },
    {
      "mode": "managed",
      "type": "yandex_vpc_route_table",
      "name": "netology-routing",
      "provider": "provider[\"registry.terraform.io/yandex-cloud/yandex\"]",
      "instances": [
        {
          "schema_version": 0,
          "attributes": {
            "created_at": "2025-04-23T19:34:50Z",
            "description": "",
            "folder_id": "b1g3hhpc4sj7fmtmdccu",
            "id": "enpquefthq3tho439tcm",
            "labels": {},
            "name": "netology-routing",
            "network_id": "enpao7tc6c7go4iorr7f",
            "static_route": [
              {
                "destination_prefix": "0.0.0.0/0",
                "gateway_id": "",
                "next_hop_address": "192.168.10.254"
              }
            ],
            "timeouts": null
          },
          "sensitive_attributes": [],
          "private": "eyJlMmJmYjczMC1lY2FhLTExZTYtOGY4OC0zNDM2M2JjN2M0YzAiOnsiY3JlYXRlIjoxODAwMDAwMDAwMDAsImRlbGV0ZSI6MTgwMDAwMDAwMDAwLCJ1cGRhdGUiOjE4MDAwMDAwMDAwMH19",
          "dependencies": [
            "yandex_vpc_network.network-netology"
          ]
        }
      ]
    },
    {
      "mode": "managed",
      "type": "yandex_vpc_subnet",
      "name": "private",
      "provider": "provider[\"registry.terraform.io/yandex-cloud/yandex\"]",
      "instances": [
        {
          "schema_version": 0,
          "attributes": {
            "created_at": "2025-04-23T19:34:50Z",
            "description": "",
            "dhcp_options": [],
            "folder_id": "b1g3hhpc4sj7fmtmdccu",
            "id": "e9be7j2pd9iekslhkits",
            "labels": {},
            "name": "private",
            "network_id": "enpao7tc6c7go4iorr7f",
            "route_table_id": "enpquefthq3tho439tcm",
            "timeouts": null,
            "v4_cidr_blocks": [
              "192.168.20.0/24"
            ],
            "v6_cidr_blocks": [],
            "zone": "ru-central1-a"
          },
          "sensitive_attributes": [],
          "private": "eyJlMmJmYjczMC1lY2FhLTExZTYtOGY4OC0zNDM2M2JjN2M0YzAiOnsiY3JlYXRlIjoxODAwMDAwMDAwMDAsImRlbGV0ZSI6MTgwMDAwMDAwMDAwLCJ1cGRhdGUiOjE4MDAwMDAwMDAwMH19",
          "dependencies": [
            "yandex_vpc_network.network-netology",
            "yandex_vpc_route_table.netology-routing"
          ]
        }
      ]
    },
    {
      "mode": "managed",
      "type": "yandex_vpc_subnet",
      "name": "public",
      "provider": "provider[\"registry.terraform.io/yandex-cloud/yandex\"]",
      "instances": [
        {
          "schema_version": 0,
          "attributes": {
            "created_at": "2025-04-23T19:34:49Z",
            "description": "",
            "dhcp_options": [],
            "folder_id": "b1g3hhpc4sj7fmtmdccu",
            "id": "e9b0c4radt2pel734fc0",
            "labels": {},
            "name": "public",
            "network_id": "enpao7tc6c7go4iorr7f",
            "route_table_id": "",
            "timeouts": null,
            "v4_cidr_blocks": [
              "192.168.10.0/24"
            ],
            "v6_cidr_blocks": [],
            "zone": "ru-central1-a"
          },
          "sensitive_attributes": [],
          "private": "eyJlMmJmYjczMC1lY2FhLTExZTYtOGY4OC0zNDM2M2JjN2M0YzAiOnsiY3JlYXRlIjoxODAwMDAwMDAwMDAsImRlbGV0ZSI6MTgwMDAwMDAwMDAwLCJ1cGRhdGUiOjE4MDAwMDAwMDAwMH19",
          "dependencies": [
            "yandex_vpc_network.network-netology"
          ]
        }
      ]
    }
  ],
  "check_results": null
}
